{
  "name": "js-basic",
  "lockfileVersion": 2,
  "requires": true,
  "packages": {
    "": {
      "dependencies": {
        "basic-js": "^0.2.0"
      }
    },
    "node_modules/basic-js": {
      "version": "0.2.0",
      "resolved": "https://registry.npmjs.org/basic-js/-/basic-js-0.2.0.tgz",
      "integrity": "sha512-sI46JQXOq6/wfoqrVGX/ITcnTgrcGiDkuyzf49dlWIqjgpbcolqWN1XFIYXCW48yaJKyOnmleE3nRWKiZLLnCQ=="
    }
  },
  "dependencies": {
    "basic-js": {
      "version": "0.2.0",
      "resolved": "https://registry.npmjs.org/basic-js/-/basic-js-0.2.0.tgz",
      "integrity": "sha512-sI46JQXOq6/wfoqrVGX/ITcnTgrcGiDkuyzf49dlWIqjgpbcolqWN1XFIYXCW48yaJKyOnmleE3nRWKiZLLnCQ=="
    }
  }
}
